Microsoft Visual Studio Solution File, Format Version 11.00
# Visual Studio 2008

Project("{EDB3375B-D875-98E4-8745-5E27F63A0A09}") = "ChequePlease0.8", "Assembly-CSharp.csproj", "{3AED4FDA-F183-026C-3265-2D179FE80683}"
EndProject
Global
	GlobalSection(SolutionConfigurationPlatforms) = preSolution
		Debug|Any CPU = Debug|Any CPU
		Release|Any CPU = Release|Any CPU
	EndGlobalSection
	GlobalSection(ProjectConfigurationPlatforms) = postSolution
		{3AED4FDA-F183-026C-3265-2D179FE80683}.Debug|Any CPU.ActiveCfg = Debug|Any CPU
		{3AED4FDA-F183-026C-3265-2D179FE80683}.Debug|Any CPU.Build.0 = Debug|Any CPU
		{3AED4FDA-F183-026C-3265-2D179FE80683}.Release|Any CPU.ActiveCfg = Release|Any CPU
		{3AED4FDA-F183-026C-3265-2D179FE80683}.Release|Any CPU.Build.0 = Release|Any CPU
	EndGlobalSection
	GlobalSection(SolutionProperties) = preSolution
		HideSolutionNode = FALSE
	EndGlobalSection
	GlobalSection(MonoDevelopProperties) = preSolution
		StartupItem = Assembly-CSharp.csproj
	EndGlobalSection
EndGlobal
